
Microsoft Visual Studio Solution File, Format Version 12.00
# Visual Studio Version 16
VisualStudioVersion = 16.0.29209.62
MinimumVisualStudioVersion = 10.0.40219.1
Project("{FAE04EC0-301F-11D3-BF4B-00C04F79EFBC}") = "Chinook.API", "ChinookCoreAPI\Chinook.API.csproj", "{A2B11663-4B1B-4ECC-ADCC-03FECB74E374}"
EndProject
Global
	GlobalSection(SolutionConfigurationPlatforms) = preSolution
		Debug|Any CPU = Debug|Any CPU
		Release|Any CPU = Release|Any CPU
	EndGlobalSection
	GlobalSection(ProjectConfigurationPlatforms) = postSolution
		{A2B11663-4B1B-4ECC-ADCC-03FECB74E374}.Debug|Any CPU.ActiveCfg = Debug|Any CPU
		{A2B11663-4B1B-4ECC-ADCC-03FECB74E374}.Debug|Any CPU.Build.0 = Debug|Any CPU
		{A2B11663-4B1B-4ECC-ADCC-03FECB74E374}.Release|Any CPU.ActiveCfg = Release|Any CPU
		{A2B11663-4B1B-4ECC-ADCC-03FECB74E374}.Release|Any CPU.Build.0 = Release|Any CPU
	EndGlobalSection
	GlobalSection(SolutionProperties) = preSolution
		HideSolutionNode = FALSE
	EndGlobalSection
	GlobalSection(ExtensibilityGlobals) = postSolution
		SolutionGuid = {ADAEDDFB-52FC-4285-ADE7-7566C190D56B}
	EndGlobalSection
EndGlobal
